{
  "nodes": {
    "cheapglk-src": {
      "flake": false,
      "locked": {
        "lastModified": 1749143350,
        "narHash": "sha256-GQxka6WwJzozIsI3MMhz2Zlc1sRCX7HT3RDPuL6FBaY=",
        "owner": "erkyrath",
        "repo": "cheapglk",
        "rev": "14d8aaf6e4150669762bd4646a5368e75c1eeee6",
        "type": "github"
      },
      "original": {
        "owner": "erkyrath",
        "repo": "cheapglk",
        "type": "github"
      }
    },
    "flake-utils": {
      "inputs": {
        "systems": "systems"
      },
      "locked": {
        "lastModified": 1731533236,
        "narHash": "sha256-l0KFg5HjrsfsO/JpG+r7fRrqm12kzFHyUHqHCVpMMbI=",
        "owner": "numtide",
        "repo": "flake-utils",
        "rev": "11707dc2f618dd54ca8739b309ec4fc024de578b",
        "type": "github"
      },
      "original": {
        "owner": "numtide",
        "repo": "flake-utils",
        "type": "github"
      }
    },
    "glulxe-src": {
      "flake": false,
      "locked": {
        "lastModified": 1778019147,
        "narHash": "sha256-zoHdHJogmx5au9BCO2Sdr2gzRYccl6J/S3V/SZnE9cw=",
        "owner": "erkyrath",
        "repo": "glulxe",
        "rev": "56ab8743bab565de307bd892c555d8d8897ed517",
        "type": "github"
      },
      "original": {
        "owner": "erkyrath",
        "repo": "glulxe",
        "type": "github"
      }
    },
    "nixpkgs": {
      "locked": {
        "lastModified": 1783776592,
        "narHash": "sha256-UgCQzxeWI75XM8G+hPrPh+MKzEPjG3SpAj7dtqSbksA=",
        "owner": "NixOS",
        "repo": "nixpkgs",
        "rev": "e7a3ca8092b61ff85b6a45bf863ea2b2d6a661b3",
        "type": "github"
      },
      "original": {
        "owner": "NixOS",
        "ref": "nixos-unstable",
        "repo": "nixpkgs",
        "type": "github"
      }
    },
    "root": {
      "inputs": {
        "cheapglk-src": "cheapglk-src",
        "flake-utils": "flake-utils",
        "glulxe-src": "glulxe-src",
        "nixpkgs": "nixpkgs"
      }
    },
    "systems": {
      "locked": {
        "lastModified": 1681028828,
        "narHash": "sha256-Vy1rq5AaRuLzOxct8nz4T6wlgyUR7zLU309k9mBC768=",
        "owner": "nix-systems",
        "repo": "default",
        "rev": "da67096a3b9bf56a91d16901293e51ba5b49a27e",
        "type": "github"
      },
      "original": {
        "owner": "nix-systems",
        "repo": "default",
        "type": "github"
      }
    }
  },
  "root": "root",
  "version": 7
}
